
Microsoft Visual Studio Solution File, Format Version 12.00
# Visual Studio 15
VisualStudioVersion = 15.0.28307.1082
MinimumVisualStudioVersion = 10.0.40219.1
Project("{FAE04EC0-301F-11D3-BF4B-00C04F79EFBC}") = "PR3_1_2_WF", "PR3_1_2_WF\PR3_1_2_WF.csproj", "{DA33D0A6-19A2-4035-828D-B98F768AF47A}"
EndProject
Global
	GlobalSection(SolutionConfigurationPlatforms) = preSolution
		Debug|Any CPU = Debug|Any CPU
		Release|Any CPU = Release|Any CPU
	EndGlobalSection
	GlobalSection(ProjectConfigurationPlatforms) = postSolution
		{DA33D0A6-19A2-4035-828D-B98F768AF47A}.Debug|Any CPU.ActiveCfg = Debug|Any CPU
		{DA33D0A6-19A2-4035-828D-B98F768AF47A}.Debug|Any CPU.Build.0 = Debug|Any CPU
		{DA33D0A6-19A2-4035-828D-B98F768AF47A}.Release|Any CPU.ActiveCfg = Release|Any CPU
		{DA33D0A6-19A2-4035-828D-B98F768AF47A}.Release|Any CPU.Build.0 = Release|Any CPU
	EndGlobalSection
	GlobalSection(SolutionProperties) = preSolution
		HideSolutionNode = FALSE
	EndGlobalSection
	GlobalSection(ExtensibilityGlobals) = postSolution
		SolutionGuid = {CC43E257-27DB-4022-92C5-1A5DC02A992D}
	EndGlobalSection
EndGlobal
